// !$*UTF8*$!
{
	archiveVersion = 1;
	classes = {
	};
	objectVersion = 46;
	objects = {

/* Begin PBXBuildFile section */
		F004D60E1BF1652E007BE4EF /* AppDelegate.swift in Sources */ = {isa = PBXBuildFile; fileRef = F004D60D1BF1652E007BE4EF /* AppDelegate.swift */; };
		F004D6131BF1652E007BE4EF /* Main.storyboard in Resources */ = {isa = PBXBuildFile; fileRef = F004D6111BF1652E007BE4EF /* Main.storyboard */; };
		F004D6151BF1652E007BE4EF /* Assets.xcassets in Resources */ = {isa = PBXBuildFile; fileRef = F004D6141BF1652E007BE4EF /* Assets.xcassets */; };
		F004D6181BF1652E007BE4EF /* LaunchScreen.storyboard in Resources */ = {isa = PBXBuildFile; fileRef = F004D6161BF1652E007BE4EF /* LaunchScreen.storyboard */; };
		F004D6221BF1685D007BE4EF /* Contact.swift in Sources */ = {isa = PBXBuildFile; fileRef = F004D6211BF1685D007BE4EF /* Contact.swift */; };
		F004D6241BF16894007BE4EF /* DataManager.swift in Sources */ = {isa = PBXBuildFile; fileRef = F004D6231BF16894007BE4EF /* DataManager.swift */; };
		F004D6261BF16B8A007BE4EF /* ContactListViewController.swift in Sources */ = {isa = PBXBuildFile; fileRef = F004D6251BF16B8A007BE4EF /* ContactListViewController.swift */; };
		F004D6281BF17055007BE4EF /* ContactsDetailViewController.swift in Sources */ = {isa = PBXBuildFile; fileRef = F004D6271BF17054007BE4EF /* ContactsDetailViewController.swift */; };
		F01721CC1BFAAC3C00D562EF /* WebServiceManager.swift in Sources */ = {isa = PBXBuildFile; fileRef = F01721CB1BFAAC3C00D562EF /* WebServiceManager.swift */; };
		F026BFF01C03DD4200B6B0D0 /* ContactTableViewCell.swift in Sources */ = {isa = PBXBuildFile; fileRef = F026BFEF1C03DD4200B6B0D0 /* ContactTableViewCell.swift */; };
		F03827A11BF413FA00076BA1 /* NewContactViewController.swift in Sources */ = {isa = PBXBuildFile; fileRef = F03827A01BF413FA00076BA1 /* NewContactViewController.swift */; };
		F03827A31BF41D1000076BA1 /* NewContactDelegate.swift in Sources */ = {isa = PBXBuildFile; fileRef = F03827A21BF41D1000076BA1 /* NewContactDelegate.swift */; };
/* End PBXBuildFile section */

/* Begin PBXFileReference section */
		F004D60A1BF1652E007BE4EF /* contactsApp.app */ = {isa = PBXFileReference; explicitFileType = wrapper.application; includeInIndex = 0; path = contactsApp.app; sourceTree = BUILT_PRODUCTS_DIR; };
		F004D60D1BF1652E007BE4EF /* AppDelegate.swift */ = {isa = PBXFileReference; lastKnownFileType = sourcecode.swift; path = AppDelegate.swift; sourceTree = "<group>"; };
		F004D6121BF1652E007BE4EF /* Base */ = {isa = PBXFileReference; lastKnownFileType = file.storyboard; name = Base; path = Base.lproj/Main.storyboard; sourceTree = "<group>"; };
		F004D6141BF1652E007BE4EF /* Assets.xcassets */ = {isa = PBXFileReference; lastKnownFileType = folder.assetcatalog; path = Assets.xcassets; sourceTree = "<group>"; };
		F004D6171BF1652E007BE4EF /* Base */ = {isa = PBXFileReference; lastKnownFileType = file.storyboard; name = Base; path = Base.lproj/LaunchScreen.storyboard; sourceTree = "<group>"; };
		F004D6191BF1652E007BE4EF /* Info.plist */ = {isa = PBXFileReference; lastKnownFileType = text.plist.xml; path = Info.plist; sourceTree = "<group>"; };
		F004D6211BF1685D007BE4EF /* Contact.swift */ = {isa = PBXFileReference; fileEncoding = 4; lastKnownFileType = sourcecode.swift; path = Contact.swift; sourceTree = "<group>"; };
		F004D6231BF16894007BE4EF /* DataManager.swift */ = {isa = PBXFileReference; fileEncoding = 4; lastKnownFileType = sourcecode.swift; path = DataManager.swift; sourceTree = "<group>"; };
		F004D6251BF16B8A007BE4EF /* ContactListViewController.swift */ = {isa = PBXFileReference; fileEncoding = 4; lastKnownFileType = sourcecode.swift; path = ContactListViewController.swift; sourceTree = "<group>"; };
		F004D6271BF17054007BE4EF /* ContactsDetailViewController.swift */ = {isa = PBXFileReference; fileEncoding = 4; lastKnownFileType = sourcecode.swift; path = ContactsDetailViewController.swift; sourceTree = "<group>"; };
		F01721CB1BFAAC3C00D562EF /* WebServiceManager.swift */ = {isa = PBXFileReference; fileEncoding = 4; lastKnownFileType = sourcecode.swift; path = WebServiceManager.swift; sourceTree = "<group>"; };
		F026BFEF1C03DD4200B6B0D0 /* ContactTableViewCell.swift */ = {isa = PBXFileReference; fileEncoding = 4; lastKnownFileType = sourcecode.swift; path = ContactTableViewCell.swift; sourceTree = "<group>"; };
		F03827A01BF413FA00076BA1 /* NewContactViewController.swift */ = {isa = PBXFileReference; fileEncoding = 4; lastKnownFileType = sourcecode.swift; path = NewContactViewController.swift; sourceTree = "<group>"; };
		F03827A21BF41D1000076BA1 /* NewContactDelegate.swift */ = {isa = PBXFileReference; fileEncoding = 4; lastKnownFileType = sourcecode.swift; path = NewContactDelegate.swift; sourceTree = "<group>"; };
/* End PBXFileReference section */

/* Begin PBXFrameworksBuildPhase section */
		F004D6071BF1652E007BE4EF /* Frameworks */ = {
			isa = PBXFrameworksBuildPhase;
			buildActionMask = 2147483647;
			files = (
			);
			runOnlyForDeploymentPostprocessing = 0;
		};
/* End PBXFrameworksBuildPhase section */

/* Begin PBXGroup section */
		F004D6011BF1652E007BE4EF = {
			isa = PBXGroup;
			children = (
				F004D60C1BF1652E007BE4EF /* contactsApp */,
				F004D60B1BF1652E007BE4EF /* Products */,
			);
			sourceTree = "<group>";
		};
		F004D60B1BF1652E007BE4EF /* Products */ = {
			isa = PBXGroup;
			children = (
				F004D60A1BF1652E007BE4EF /* contactsApp.app */,
			);
			name = Products;
			sourceTree = "<group>";
		};
		F004D60C1BF1652E007BE4EF /* contactsApp */ = {
			isa = PBXGroup;
			children = (
				F004D60D1BF1652E007BE4EF /* AppDelegate.swift */,
				F004D6111BF1652E007BE4EF /* Main.storyboard */,
				F004D6141BF1652E007BE4EF /* Assets.xcassets */,
				F004D6161BF1652E007BE4EF /* LaunchScreen.storyboard */,
				F004D6191BF1652E007BE4EF /* Info.plist */,
				F004D6211BF1685D007BE4EF /* Contact.swift */,
				F004D6231BF16894007BE4EF /* DataManager.swift */,
				F004D6251BF16B8A007BE4EF /* ContactListViewController.swift */,
				F004D6271BF17054007BE4EF /* ContactsDetailViewController.swift */,
				F03827A01BF413FA00076BA1 /* NewContactViewController.swift */,
				F03827A21BF41D1000076BA1 /* NewContactDelegate.swift */,
				F01721CB1BFAAC3C00D562EF /* WebServiceManager.swift */,
				F026BFEF1C03DD4200B6B0D0 /* ContactTableViewCell.swift */,
			);
			path = contactsApp;
			sourceTree = "<group>";
		};
/* End PBXGroup section */

/* Begin PBXNativeTarget section */
		F004D6091BF1652E007BE4EF /* contactsApp */ = {
			isa = PBXNativeTarget;
			buildConfigurationList = F004D61C1BF1652E007BE4EF /* Build configuration list for PBXNativeTarget "contactsApp" */;
			buildPhases = (
				F004D6061BF1652E007BE4EF /* Sources */,
				F004D6071BF1652E007BE4EF /* Frameworks */,
				F004D6081BF1652E007BE4EF /* Resources */,
			);
			buildRules = (
			);
			dependencies = (
			);
			name = contactsApp;
			productName = contactsApp;
			productReference = F004D60A1BF1652E007BE4EF /* contactsApp.app */;
			productType = "com.apple.product-type.application";
		};
/* End PBXNativeTarget section */

/* Begin PBXProject section */
		F004D6021BF1652E007BE4EF /* Project object */ = {
			isa = PBXProject;
			attributes = {
				LastSwiftUpdateCheck = 0710;
				LastUpgradeCheck = 0710;
				ORGANIZATIONNAME = DigitalCrafts;
				TargetAttributes = {
					F004D6091BF1652E007BE4EF = {
						CreatedOnToolsVersion = 7.1;
					};
				};
			};
			buildConfigurationList = F004D6051BF1652E007BE4EF /* Build configuration list for PBXProject "contactsApp" */;
			compatibilityVersion = "Xcode 3.2";
			developmentRegion = English;
			hasScannedForEncodings = 0;
			knownRegions = (
				en,
				Base,
			);
			mainGroup = F004D6011BF1652E007BE4EF;
			productRefGroup = F004D60B1BF1652E007BE4EF /* Products */;
			projectDirPath = "";
			projectRoot = "";
			targets = (
				F004D6091BF1652E007BE4EF /* contactsApp */,
			);
		};
/* End PBXProject section */

/* Begin PBXResourcesBuildPhase section */
		F004D6081BF1652E007BE4EF /* Resources */ = {
			isa = PBXResourcesBuildPhase;
			buildActionMask = 2147483647;
			files = (
				F004D6181BF1652E007BE4EF /* LaunchScreen.storyboard in Resources */,
				F004D6151BF1652E007BE4EF /* Assets.xcassets in Resources */,
				F004D6131BF1652E007BE4EF /* Main.storyboard in Resources */,
			);
			runOnlyForDeploymentPostprocessing = 0;
		};
/* End PBXResourcesBuildPhase section */

/* Begin PBXSourcesBuildPhase section */
		F004D6061BF1652E007BE4EF /* Sources */ = {
			isa = PBXSourcesBuildPhase;
			buildActionMask = 2147483647;
			files = (
				F03827A31BF41D1000076BA1 /* NewContactDelegate.swift in Sources */,
				F004D6221BF1685D007BE4EF /* Contact.swift in Sources */,
				F004D6281BF17055007BE4EF /* ContactsDetailViewController.swift in Sources */,
				F004D6261BF16B8A007BE4EF /* ContactListViewController.swift in Sources */,
				F01721CC1BFAAC3C00D562EF /* WebServiceManager.swift in Sources */,
				F004D6241BF16894007BE4EF /* DataManager.swift in Sources */,
				F026BFF01C03DD4200B6B0D0 /* ContactTableViewCell.swift in Sources */,
				F03827A11BF413FA00076BA1 /* NewContactViewController.swift in Sources */,
				F004D60E1BF1652E007BE4EF /* AppDelegate.swift in Sources */,
			);
			runOnlyForDeploymentPostprocessing = 0;
		};
/* End PBXSourcesBuildPhase section */

/* Begin PBXVariantGroup section */
		F004D6111BF1652E007BE4EF /* Main.storyboard */ = {
			isa = PBXVariantGroup;
			children = (
				F004D6121BF1652E007BE4EF /* Base */,
			);
			name = Main.storyboard;
			sourceTree = "<group>";
		};
		F004D6161BF1652E007BE4EF /* LaunchScreen.storyboard */ = {
			isa = PBXVariantGroup;
			children = (
				F004D6171BF1652E007BE4EF /* Base */,
			);
			name = LaunchScreen.storyboard;
			sourceTree = "<group>";
		};
/* End PBXVariantGroup section */

/* Begin XCBuildConfiguration section */
		F004D61A1BF1652E007BE4EF /* Debug */ = {
			isa = XCBuildConfiguration;
			buildSettings = {
				ALWAYS_SEARCH_USER_PATHS = NO;
				CLANG_CXX_LANGUAGE_STANDARD = "gnu++0x";
				CLANG_CXX_LIBRARY = "libc++";
				CLANG_ENABLE_MODULES = YES;
				CLANG_ENABLE_OBJC_ARC = YES;
				CLANG_WARN_BOOL_CONVERSION = YES;
				CLANG_WARN_CONSTANT_CONVERSION = YES;
				CLANG_WARN_DIRECT_OBJC_ISA_USAGE = YES_ERROR;
				CLANG_WARN_EMPTY_BODY = YES;
				CLANG_WARN_ENUM_CONVERSION = YES;
				CLANG_WARN_INT_CONVERSION = YES;
				CLANG_WARN_OBJC_ROOT_CLASS = YES_ERROR;
				CLANG_WARN_UNREACHABLE_CODE = YES;
				CLANG_WARN__DUPLICATE_METHOD_MATCH = YES;
				"CODE_SIGN_IDENTITY[sdk=iphoneos*]" = "iPhone Developer";
				COPY_PHASE_STRIP = NO;
				DEBUG_INFORMATION_FORMAT = dwarf;
				ENABLE_STRICT_OBJC_MSGSEND = YES;
				ENABLE_TESTABILITY = YES;
				GCC_C_LANGUAGE_STANDARD = gnu99;
				GCC_DYNAMIC_NO_PIC = NO;
				GCC_NO_COMMON_BLOCKS = YES;
				GCC_OPTIMIZATION_LEVEL = 0;
				GCC_PREPROCESSOR_DEFINITIONS = (
					"DEBUG=1",
					"$(inherited)",
				);
				GCC_WARN_64_TO_32_BIT_CONVERSION = YES;
				GCC_WARN_ABOUT_RETURN_TYPE = YES_ERROR;
				GCC_WARN_UNDECLARED_SELECTOR = YES;
				GCC_WARN_UNINITIALIZED_AUTOS = YES_AGGRESSIVE;
				GCC_WARN_UNUSED_FUNCTION = YES;
				GCC_WARN_UNUSED_VARIABLE = YES;
				IPHONEOS_DEPLOYMENT_TARGET = 9.1;
				MTL_ENABLE_DEBUG_INFO = YES;
				ONLY_ACTIVE_ARCH = YES;
				SDKROOT = iphoneos;
				SWIFT_OPTIMIZATION_LEVEL = "-Onone";
				TARGETED_DEVICE_FAMILY = "1,2";
			};
			name = Debug;
		};
		F004D61B1BF1652E007BE4EF /* Release */ = {
			isa = XCBuildConfiguration;
			buildSettings = {
				ALWAYS_SEARCH_USER_PATHS = NO;
				CLANG_CXX_LANGUAGE_STANDARD = "gnu++0x";
				CLANG_CXX_LIBRARY = "libc++";
				CLANG_ENABLE_MODULES = YES;
				CLANG_ENABLE_OBJC_ARC = YES;
				CLANG_WARN_BOOL_CONVERSION = YES;
				CLANG_WARN_CONSTANT_CONVERSION = YES;
				CLANG_WARN_DIRECT_OBJC_ISA_USAGE = YES_ERROR;
				CLANG_WARN_EMPTY_BODY = YES;
				CLANG_WARN_ENUM_CONVERSION = YES;
				CLANG_WARN_INT_CONVERSION = YES;
				CLANG_WARN_OBJC_ROOT_CLASS = YES_ERROR;
				CLANG_WARN_UNREACHABLE_CODE = YES;
				CLANG_WARN__DUPLICATE_METHOD_MATCH = YES;
				"CODE_SIGN_IDENTITY[sdk=iphoneos*]" = "iPhone Developer";
				COPY_PHASE_STRIP = NO;
				DEBUG_INFORMATION_FORMAT = "dwarf-with-dsym";
				ENABLE_NS_ASSERTIONS = NO;
				ENABLE_STRICT_OBJC_MSGSEND = YES;
				GCC_C_LANGUAGE_STANDARD = gnu99;
				GCC_NO_COMMON_BLOCKS = YES;
				GCC_WARN_64_TO_32_BIT_CONVERSION = YES;
				GCC_WARN_ABOUT_RETURN_TYPE = YES_ERROR;
				GCC_WARN_UNDECLARED_SELECTOR = YES;
				GCC_WARN_UNINITIALIZED_AUTOS = YES_AGGRESSIVE;
				GCC_WARN_UNUSED_FUNCTION = YES;
				GCC_WARN_UNUSED_VARIABLE = YES;
				IPHONEOS_DEPLOYMENT_TARGET = 9.1;
				MTL_ENABLE_DEBUG_INFO = NO;
				SDKROOT = iphoneos;
				TARGETED_DEVICE_FAMILY = "1,2";
				VALIDATE_PRODUCT = YES;
			};
			name = Release;
		};
		F004D61D1BF1652E007BE4EF /* Debug */ = {
			isa = XCBuildConfiguration;
			buildSettings = {
				ASSETCATALOG_COMPILER_APPICON_NAME = AppIcon;
				INFOPLIST_FILE = contactsApp/Info.plist;
				LD_RUNPATH_SEARCH_PATHS = "$(inherited) @executable_path/Frameworks";
				PRODUCT_BUNDLE_IDENTIFIER = com.digitalcrafts.contactsApp;
				PRODUCT_NAME = "$(TARGET_NAME)";
			};
			name = Debug;
		};
		F004D61E1BF1652E007BE4EF /* Release */ = {
			isa = XCBuildConfiguration;
			buildSettings = {
				ASSETCATALOG_COMPILER_APPICON_NAME = AppIcon;
				INFOPLIST_FILE = contactsApp/Info.plist;
				LD_RUNPATH_SEARCH_PATHS = "$(inherited) @executable_path/Frameworks";
				PRODUCT_BUNDLE_IDENTIFIER = com.digitalcrafts.contactsApp;
				PRODUCT_NAME = "$(TARGET_NAME)";
			};
			name = Release;
		};
/* End XCBuildConfiguration section */

/* Begin XCConfigurationList section */
		F004D6051BF1652E007BE4EF /* Build configuration list for PBXProject "contactsApp" */ = {
			isa = XCConfigurationList;
			buildConfigurations = (
				F004D61A1BF1652E007BE4EF /* Debug */,
				F004D61B1BF1652E007BE4EF /* Release */,
			);
			defaultConfigurationIsVisible = 0;
			defaultConfigurationName = Release;
		};
		F004D61C1BF1652E007BE4EF /* Build configuration list for PBXNativeTarget "contactsApp" */ = {
			isa = XCConfigurationList;
			buildConfigurations = (
				F004D61D1BF1652E007BE4EF /* Debug */,
				F004D61E1BF1652E007BE4EF /* Release */,
			);
			defaultConfigurationIsVisible = 0;
			defaultConfigurationName = Release;
		};
/* End XCConfigurationList section */
	};
	rootObject = F004D6021BF1652E007BE4EF /* Project object */;
}
